
Microsoft Visual Studio Solution File, Format Version 11.00
# Visual Studio 2010
Project("{FAE04EC0-301F-11D3-BF4B-00C04F79EFBC}") = "NightmaresNew", "Assembly-CSharp.csproj", "{986EB1C1-DE32-4ED9-74EA-D7F17DCAB5B7}"
EndProject
Project("{FAE04EC0-301F-11D3-BF4B-00C04F79EFBC}") = "NightmaresNew", "Assembly-CSharp-Editor.csproj", "{B702EF07-FA21-39B0-F6B3-E7A02B42DCEA}"
EndProject
Global
	GlobalSection(SolutionConfigurationPlatforms) = preSolution
		Debug|Any CPU = Debug|Any CPU
		Release|Any CPU = Release|Any CPU
	EndGlobalSection
	GlobalSection(ProjectConfigurationPlatforms) = postSolution
		{986EB1C1-DE32-4ED9-74EA-D7F17DCAB5B7}.Debug|Any CPU.ActiveCfg = Debug|Any CPU
		{986EB1C1-DE32-4ED9-74EA-D7F17DCAB5B7}.Debug|Any CPU.Build.0 = Debug|Any CPU
		{986EB1C1-DE32-4ED9-74EA-D7F17DCAB5B7}.Release|Any CPU.ActiveCfg = Release|Any CPU
		{986EB1C1-DE32-4ED9-74EA-D7F17DCAB5B7}.Release|Any CPU.Build.0 = Release|Any CPU
		{B702EF07-FA21-39B0-F6B3-E7A02B42DCEA}.Debug|Any CPU.ActiveCfg = Debug|Any CPU
		{B702EF07-FA21-39B0-F6B3-E7A02B42DCEA}.Debug|Any CPU.Build.0 = Debug|Any CPU
		{B702EF07-FA21-39B0-F6B3-E7A02B42DCEA}.Release|Any CPU.ActiveCfg = Release|Any CPU
		{B702EF07-FA21-39B0-F6B3-E7A02B42DCEA}.Release|Any CPU.Build.0 = Release|Any CPU
	EndGlobalSection
	GlobalSection(SolutionProperties) = preSolution
		HideSolutionNode = FALSE
	EndGlobalSection
	GlobalSection(MonoDevelopProperties) = preSolution
		StartupItem = Assembly-CSharp.csproj
	EndGlobalSection
EndGlobal
